version: 0.1.1
sourceCommit: 689752cd7b7b933af0417acf193a71c8ced89992
workflowRun: https://github.com/ricolin/ai-k8s-tools/actions/runs/32588300301
artifacts:
  chart:
    reference: oci://ghcr.io/ricolin/ai-k8s-charts/nvidia-ai-readiness
    digest: sha256:192b801c739ccbe4b4c83795f14202a19219b0bff621a0f7ad2ce95f5129c031
  orchestrator:
    reference: ghcr.io/ricolin/nvidia-ai-readiness-orchestrator
    digest: sha256:ebbe0138600e93b6200d7ac8a7bcb6bf63b27d9537e6d549e3588068154c4fe0
  cudaSmoke:
    reference: ghcr.io/ricolin/nvidia-ai-readiness-cuda-smoke
    digest: sha256:72d599e66cab6d153ed44733401c0cad3efc8192fb7e48c371f482a054eaaf01
